// !$*UTF8*$!
{
	archiveVersion = 1;
	classes = {
	};
	objectVersion = 52;
	objects = {

/* Begin PBXBuildFile section */
		D8531C6B2680D89600C03732 /* Observable.swift in Sources */ = {isa = PBXBuildFile; fileRef = D8531C6A2680D89600C03732 /* Observable.swift */; };
		D8709747267BBCFB007341CD /* LoadingCollectionViewCell.swift in Sources */ = {isa = PBXBuildFile; fileRef = D8709746267BBCFB007341CD /* LoadingCollectionViewCell.swift */; };
		D8709749267BC330007341CD /* LoadingTableViewCell.swift in Sources */ = {isa = PBXBuildFile; fileRef = D8709748267BC330007341CD /* LoadingTableViewCell.swift */; };
		D87F20E0267A4BE500974482 /* ApiKey.swift in Sources */ = {isa = PBXBuildFile; fileRef = D87F20DF267A4BE500974482 /* ApiKey.swift */; };
		D87F20E3267A4ECE00974482 /* MoviesData.swift in Sources */ = {isa = PBXBuildFile; fileRef = D87F20E2267A4ECE00974482 /* MoviesData.swift */; };
		D87F20E5267A511C00974482 /* ApiService.swift in Sources */ = {isa = PBXBuildFile; fileRef = D87F20E4267A511C00974482 /* ApiService.swift */; };
		D87F20E7267A536700974482 /* Movie.swift in Sources */ = {isa = PBXBuildFile; fileRef = D87F20E6267A536700974482 /* Movie.swift */; };
		D87F20E9267A55B900974482 /* RequestTypes.swift in Sources */ = {isa = PBXBuildFile; fileRef = D87F20E8267A55B900974482 /* RequestTypes.swift */; };
		D87F20EC267A637400974482 /* Kingfisher in Frameworks */ = {isa = PBXBuildFile; productRef = D87F20EB267A637400974482 /* Kingfisher */; };
		D8CC0DD5267CB820003E69D6 /* FavoritesCollectionViewController.swift in Sources */ = {isa = PBXBuildFile; fileRef = D8CC0DD4267CB820003E69D6 /* FavoritesCollectionViewController.swift */; };
		D8CC0DD7267CB916003E69D6 /* FavoritesMoviesViewModel.swift in Sources */ = {isa = PBXBuildFile; fileRef = D8CC0DD6267CB916003E69D6 /* FavoritesMoviesViewModel.swift */; };
		D8CC0DDA267CBA0C003E69D6 /* RealmSwift in Frameworks */ = {isa = PBXBuildFile; productRef = D8CC0DD9267CBA0C003E69D6 /* RealmSwift */; };
		D8CC0DDD267CBAA4003E69D6 /* RealmManager.swift in Sources */ = {isa = PBXBuildFile; fileRef = D8CC0DDC267CBAA4003E69D6 /* RealmManager.swift */; };
		D8CC0DDF267CFD90003E69D6 /* DataBaseMovie.swift in Sources */ = {isa = PBXBuildFile; fileRef = D8CC0DDE267CFD90003E69D6 /* DataBaseMovie.swift */; };
		D8ED3DAD267908120040F723 /* AppDelegate.swift in Sources */ = {isa = PBXBuildFile; fileRef = D8ED3DAC267908120040F723 /* AppDelegate.swift */; };
		D8ED3DAF267908120040F723 /* SceneDelegate.swift in Sources */ = {isa = PBXBuildFile; fileRef = D8ED3DAE267908120040F723 /* SceneDelegate.swift */; };
		D8ED3DB6267908130040F723 /* Assets.xcassets in Resources */ = {isa = PBXBuildFile; fileRef = D8ED3DB5267908130040F723 /* Assets.xcassets */; };
		D8ED3DB9267908130040F723 /* LaunchScreen.storyboard in Resources */ = {isa = PBXBuildFile; fileRef = D8ED3DB7267908130040F723 /* LaunchScreen.storyboard */; };
		D8ED3DC3267909F30040F723 /* TabBarViewController.swift in Sources */ = {isa = PBXBuildFile; fileRef = D8ED3DC2267909F30040F723 /* TabBarViewController.swift */; };
		D8ED3DC526790BB80040F723 /* CollectionViewController.swift in Sources */ = {isa = PBXBuildFile; fileRef = D8ED3DC426790BB80040F723 /* CollectionViewController.swift */; };
		D8ED3DC726790BCE0040F723 /* SearchViewController.swift in Sources */ = {isa = PBXBuildFile; fileRef = D8ED3DC626790BCE0040F723 /* SearchViewController.swift */; };
		D8ED3DC926790DC30040F723 /* MovieCollectionViewCell.swift in Sources */ = {isa = PBXBuildFile; fileRef = D8ED3DC826790DC30040F723 /* MovieCollectionViewCell.swift */; };
		D8ED3DCC26790E2A0040F723 /* MoviesViewModelType.swift in Sources */ = {isa = PBXBuildFile; fileRef = D8ED3DCB26790E2A0040F723 /* MoviesViewModelType.swift */; };
		D8ED3DCE26790FC50040F723 /* MovieCellViewModelType.swift in Sources */ = {isa = PBXBuildFile; fileRef = D8ED3DCD26790FC50040F723 /* MovieCellViewModelType.swift */; };
		D8ED3DD3267912230040F723 /* MoviesViewModel.swift in Sources */ = {isa = PBXBuildFile; fileRef = D8ED3DD2267912230040F723 /* MoviesViewModel.swift */; };
		D8ED3DD5267912620040F723 /* MovieCellViewModel.swift in Sources */ = {isa = PBXBuildFile; fileRef = D8ED3DD4267912620040F723 /* MovieCellViewModel.swift */; };
		D8ED3DD726791F200040F723 /* SearchTableViewCell.swift in Sources */ = {isa = PBXBuildFile; fileRef = D8ED3DD626791F200040F723 /* SearchTableViewCell.swift */; };
/* End PBXBuildFile section */

/* Begin PBXFileReference section */
		D8531C6A2680D89600C03732 /* Observable.swift */ = {isa = PBXFileReference; lastKnownFileType = sourcecode.swift; path = Observable.swift; sourceTree = "<group>"; };
		D8709746267BBCFB007341CD /* LoadingCollectionViewCell.swift */ = {isa = PBXFileReference; lastKnownFileType = sourcecode.swift; path = LoadingCollectionViewCell.swift; sourceTree = "<group>"; };
		D8709748267BC330007341CD /* LoadingTableViewCell.swift */ = {isa = PBXFileReference; lastKnownFileType = sourcecode.swift; path = LoadingTableViewCell.swift; sourceTree = "<group>"; };
		D87F20DF267A4BE500974482 /* ApiKey.swift */ = {isa = PBXFileReference; lastKnownFileType = sourcecode.swift; path = ApiKey.swift; sourceTree = "<group>"; };
		D87F20E2267A4ECE00974482 /* MoviesData.swift */ = {isa = PBXFileReference; lastKnownFileType = sourcecode.swift; path = MoviesData.swift; sourceTree = "<group>"; };
		D87F20E4267A511C00974482 /* ApiService.swift */ = {isa = PBXFileReference; lastKnownFileType = sourcecode.swift; path = ApiService.swift; sourceTree = "<group>"; };
		D87F20E6267A536700974482 /* Movie.swift */ = {isa = PBXFileReference; lastKnownFileType = sourcecode.swift; path = Movie.swift; sourceTree = "<group>"; };
		D87F20E8267A55B900974482 /* RequestTypes.swift */ = {isa = PBXFileReference; lastKnownFileType = sourcecode.swift; path = RequestTypes.swift; sourceTree = "<group>"; };
		D8CC0DD4267CB820003E69D6 /* FavoritesCollectionViewController.swift */ = {isa = PBXFileReference; lastKnownFileType = sourcecode.swift; path = FavoritesCollectionViewController.swift; sourceTree = "<group>"; };
		D8CC0DD6267CB916003E69D6 /* FavoritesMoviesViewModel.swift */ = {isa = PBXFileReference; lastKnownFileType = sourcecode.swift; path = FavoritesMoviesViewModel.swift; sourceTree = "<group>"; };
		D8CC0DDC267CBAA4003E69D6 /* RealmManager.swift */ = {isa = PBXFileReference; lastKnownFileType = sourcecode.swift; path = RealmManager.swift; sourceTree = "<group>"; };
		D8CC0DDE267CFD90003E69D6 /* DataBaseMovie.swift */ = {isa = PBXFileReference; lastKnownFileType = sourcecode.swift; path = DataBaseMovie.swift; sourceTree = "<group>"; };
		D8ED3DA9267908120040F723 /* Movies.app */ = {isa = PBXFileReference; explicitFileType = wrapper.application; includeInIndex = 0; path = Movies.app; sourceTree = BUILT_PRODUCTS_DIR; };
		D8ED3DAC267908120040F723 /* AppDelegate.swift */ = {isa = PBXFileReference; lastKnownFileType = sourcecode.swift; path = AppDelegate.swift; sourceTree = "<group>"; };
		D8ED3DAE267908120040F723 /* SceneDelegate.swift */ = {isa = PBXFileReference; lastKnownFileType = sourcecode.swift; path = SceneDelegate.swift; sourceTree = "<group>"; };
		D8ED3DB5267908130040F723 /* Assets.xcassets */ = {isa = PBXFileReference; lastKnownFileType = folder.assetcatalog; path = Assets.xcassets; sourceTree = "<group>"; };
		D8ED3DB8267908130040F723 /* Base */ = {isa = PBXFileReference; lastKnownFileType = file.storyboard; name = Base; path = Base.lproj/LaunchScreen.storyboard; sourceTree = "<group>"; };
		D8ED3DBA267908130040F723 /* Info.plist */ = {isa = PBXFileReference; lastKnownFileType = text.plist.xml; path = Info.plist; sourceTree = "<group>"; };
		D8ED3DC2267909F30040F723 /* TabBarViewController.swift */ = {isa = PBXFileReference; lastKnownFileType = sourcecode.swift; path = TabBarViewController.swift; sourceTree = "<group>"; };
		D8ED3DC426790BB80040F723 /* CollectionViewController.swift */ = {isa = PBXFileReference; lastKnownFileType = sourcecode.swift; path = CollectionViewController.swift; sourceTree = "<group>"; };
		D8ED3DC626790BCE0040F723 /* SearchViewController.swift */ = {isa = PBXFileReference; lastKnownFileType = sourcecode.swift; path = SearchViewController.swift; sourceTree = "<group>"; };
		D8ED3DC826790DC30040F723 /* MovieCollectionViewCell.swift */ = {isa = PBXFileReference; lastKnownFileType = sourcecode.swift; path = MovieCollectionViewCell.swift; sourceTree = "<group>"; };
		D8ED3DCB26790E2A0040F723 /* MoviesViewModelType.swift */ = {isa = PBXFileReference; lastKnownFileType = sourcecode.swift; path = MoviesViewModelType.swift; sourceTree = "<group>"; };
		D8ED3DCD26790FC50040F723 /* MovieCellViewModelType.swift */ = {isa = PBXFileReference; lastKnownFileType = sourcecode.swift; path = MovieCellViewModelType.swift; sourceTree = "<group>"; };
		D8ED3DD2267912230040F723 /* MoviesViewModel.swift */ = {isa = PBXFileReference; lastKnownFileType = sourcecode.swift; path = MoviesViewModel.swift; sourceTree = "<group>"; };
		D8ED3DD4267912620040F723 /* MovieCellViewModel.swift */ = {isa = PBXFileReference; lastKnownFileType = sourcecode.swift; path = MovieCellViewModel.swift; sourceTree = "<group>"; };
		D8ED3DD626791F200040F723 /* SearchTableViewCell.swift */ = {isa = PBXFileReference; lastKnownFileType = sourcecode.swift; path = SearchTableViewCell.swift; sourceTree = "<group>"; };
/* End PBXFileReference section */

/* Begin PBXFrameworksBuildPhase section */
		D8ED3DA6267908120040F723 /* Frameworks */ = {
			isa = PBXFrameworksBuildPhase;
			buildActionMask = 2147483647;
			files = (
				D8CC0DDA267CBA0C003E69D6 /* RealmSwift in Frameworks */,
				D87F20EC267A637400974482 /* Kingfisher in Frameworks */,
			);
			runOnlyForDeploymentPostprocessing = 0;
		};
/* End PBXFrameworksBuildPhase section */

/* Begin PBXGroup section */
		D8709745267BBCD3007341CD /* Cells */ = {
			isa = PBXGroup;
			children = (
				D8ED3DC826790DC30040F723 /* MovieCollectionViewCell.swift */,
				D8709746267BBCFB007341CD /* LoadingCollectionViewCell.swift */,
				D8ED3DD626791F200040F723 /* SearchTableViewCell.swift */,
				D8709748267BC330007341CD /* LoadingTableViewCell.swift */,
			);
			path = Cells;
			sourceTree = "<group>";
		};
		D87F20DD267A4A4200974482 /* Network */ = {
			isa = PBXGroup;
			children = (
				D87F20E4267A511C00974482 /* ApiService.swift */,
				D87F20E8267A55B900974482 /* RequestTypes.swift */,
			);
			path = Network;
			sourceTree = "<group>";
		};
		D87F20DE267A4BD200974482 /* Constants */ = {
			isa = PBXGroup;
			children = (
				D87F20DF267A4BE500974482 /* ApiKey.swift */,
			);
			path = Constants;
			sourceTree = "<group>";
		};
		D87F20E1267A4EB300974482 /* Models */ = {
			isa = PBXGroup;
			children = (
				D87F20E2267A4ECE00974482 /* MoviesData.swift */,
				D87F20E6267A536700974482 /* Movie.swift */,
				D8CC0DDE267CFD90003E69D6 /* DataBaseMovie.swift */,
			);
			path = Models;
			sourceTree = "<group>";
		};
		D8872B3E267E50E9000874BE /* Tabs */ = {
			isa = PBXGroup;
			children = (
				D8ED3DC426790BB80040F723 /* CollectionViewController.swift */,
				D8ED3DC626790BCE0040F723 /* SearchViewController.swift */,
				D8CC0DD4267CB820003E69D6 /* FavoritesCollectionViewController.swift */,
			);
			path = Tabs;
			sourceTree = "<group>";
		};
		D8CC0DDB267CBA86003E69D6 /* Tools */ = {
			isa = PBXGroup;
			children = (
				D87F20DD267A4A4200974482 /* Network */,
				D8CC0DDC267CBAA4003E69D6 /* RealmManager.swift */,
			);
			path = Tools;
			sourceTree = "<group>";
		};
		D8ED3DA0267908120040F723 = {
			isa = PBXGroup;
			children = (
				D8ED3DAB267908120040F723 /* Movies */,
				D8ED3DAA267908120040F723 /* Products */,
			);
			sourceTree = "<group>";
		};
		D8ED3DAA267908120040F723 /* Products */ = {
			isa = PBXGroup;
			children = (
				D8ED3DA9267908120040F723 /* Movies.app */,
			);
			name = Products;
			sourceTree = "<group>";
		};
		D8ED3DAB267908120040F723 /* Movies */ = {
			isa = PBXGroup;
			children = (
				D8ED3DAC267908120040F723 /* AppDelegate.swift */,
				D8ED3DAE267908120040F723 /* SceneDelegate.swift */,
				D8ED3DBA267908130040F723 /* Info.plist */,
				D8ED3DC12679099E0040F723 /* Resources */,
				D8ED3DCF267911A60040F723 /* Protocols */,
				D8ED3DCA26790E030040F723 /* ViewModels */,
				D87F20E1267A4EB300974482 /* Models */,
				D8ED3DC02679097D0040F723 /* View */,
				D8CC0DDB267CBA86003E69D6 /* Tools */,
				D87F20DE267A4BD200974482 /* Constants */,
			);
			path = Movies;
			sourceTree = "<group>";
		};
		D8ED3DC02679097D0040F723 /* View */ = {
			isa = PBXGroup;
			children = (
				D8ED3DB7267908130040F723 /* LaunchScreen.storyboard */,
				D8ED3DC2267909F30040F723 /* TabBarViewController.swift */,
				D8872B3E267E50E9000874BE /* Tabs */,
				D8709745267BBCD3007341CD /* Cells */,
			);
			path = View;
			sourceTree = "<group>";
		};
		D8ED3DC12679099E0040F723 /* Resources */ = {
			isa = PBXGroup;
			children = (
				D8ED3DB5267908130040F723 /* Assets.xcassets */,
			);
			path = Resources;
			sourceTree = "<group>";
		};
		D8ED3DCA26790E030040F723 /* ViewModels */ = {
			isa = PBXGroup;
			children = (
				D8ED3DD2267912230040F723 /* MoviesViewModel.swift */,
				D8ED3DD4267912620040F723 /* MovieCellViewModel.swift */,
				D8CC0DD6267CB916003E69D6 /* FavoritesMoviesViewModel.swift */,
			);
			path = ViewModels;
			sourceTree = "<group>";
		};
		D8ED3DCF267911A60040F723 /* Protocols */ = {
			isa = PBXGroup;
			children = (
				D8ED3DCB26790E2A0040F723 /* MoviesViewModelType.swift */,
				D8ED3DCD26790FC50040F723 /* MovieCellViewModelType.swift */,
				D8531C6A2680D89600C03732 /* Observable.swift */,
			);
			path = Protocols;
			sourceTree = "<group>";
		};
/* End PBXGroup section */

/* Begin PBXNativeTarget section */
		D8ED3DA8267908120040F723 /* Movies */ = {
			isa = PBXNativeTarget;
			buildConfigurationList = D8ED3DBD267908130040F723 /* Build configuration list for PBXNativeTarget "Movies" */;
			buildPhases = (
				D8ED3DA5267908120040F723 /* Sources */,
				D8ED3DA6267908120040F723 /* Frameworks */,
				D8ED3DA7267908120040F723 /* Resources */,
			);
			buildRules = (
			);
			dependencies = (
			);
			name = Movies;
			packageProductDependencies = (
				D87F20EB267A637400974482 /* Kingfisher */,
				D8CC0DD9267CBA0C003E69D6 /* RealmSwift */,
			);
			productName = Movies;
			productReference = D8ED3DA9267908120040F723 /* Movies.app */;
			productType = "com.apple.product-type.application";
		};
/* End PBXNativeTarget section */

/* Begin PBXProject section */
		D8ED3DA1267908120040F723 /* Project object */ = {
			isa = PBXProject;
			attributes = {
				LastSwiftUpdateCheck = 1250;
				LastUpgradeCheck = 1250;
				TargetAttributes = {
					D8ED3DA8267908120040F723 = {
						CreatedOnToolsVersion = 12.5;
					};
				};
			};
			buildConfigurationList = D8ED3DA4267908120040F723 /* Build configuration list for PBXProject "Movies" */;
			compatibilityVersion = "Xcode 9.3";
			developmentRegion = en;
			hasScannedForEncodings = 0;
			knownRegions = (
				en,
				Base,
			);
			mainGroup = D8ED3DA0267908120040F723;
			packageReferences = (
				D87F20EA267A637400974482 /* XCRemoteSwiftPackageReference "Kingfisher" */,
				D8CC0DD8267CBA0C003E69D6 /* XCRemoteSwiftPackageReference "realm-cocoa" */,
			);
			productRefGroup = D8ED3DAA267908120040F723 /* Products */;
			projectDirPath = "";
			projectRoot = "";
			targets = (
				D8ED3DA8267908120040F723 /* Movies */,
			);
		};
/* End PBXProject section */

/* Begin PBXResourcesBuildPhase section */
		D8ED3DA7267908120040F723 /* Resources */ = {
			isa = PBXResourcesBuildPhase;
			buildActionMask = 2147483647;
			files = (
				D8ED3DB9267908130040F723 /* LaunchScreen.storyboard in Resources */,
				D8ED3DB6267908130040F723 /* Assets.xcassets in Resources */,
			);
			runOnlyForDeploymentPostprocessing = 0;
		};
/* End PBXResourcesBuildPhase section */

/* Begin PBXSourcesBuildPhase section */
		D8ED3DA5267908120040F723 /* Sources */ = {
			isa = PBXSourcesBuildPhase;
			buildActionMask = 2147483647;
			files = (
				D8ED3DD5267912620040F723 /* MovieCellViewModel.swift in Sources */,
				D8ED3DC726790BCE0040F723 /* SearchViewController.swift in Sources */,
				D8709749267BC330007341CD /* LoadingTableViewCell.swift in Sources */,
				D87F20E7267A536700974482 /* Movie.swift in Sources */,
				D87F20E5267A511C00974482 /* ApiService.swift in Sources */,
				D8CC0DDD267CBAA4003E69D6 /* RealmManager.swift in Sources */,
				D8ED3DD3267912230040F723 /* MoviesViewModel.swift in Sources */,
				D8ED3DC526790BB80040F723 /* CollectionViewController.swift in Sources */,
				D8ED3DAD267908120040F723 /* AppDelegate.swift in Sources */,
				D8ED3DC926790DC30040F723 /* MovieCollectionViewCell.swift in Sources */,
				D8CC0DD5267CB820003E69D6 /* FavoritesCollectionViewController.swift in Sources */,
				D8ED3DCC26790E2A0040F723 /* MoviesViewModelType.swift in Sources */,
				D8CC0DD7267CB916003E69D6 /* FavoritesMoviesViewModel.swift in Sources */,
				D8CC0DDF267CFD90003E69D6 /* DataBaseMovie.swift in Sources */,
				D87F20E3267A4ECE00974482 /* MoviesData.swift in Sources */,
				D8709747267BBCFB007341CD /* LoadingCollectionViewCell.swift in Sources */,
				D8ED3DCE26790FC50040F723 /* MovieCellViewModelType.swift in Sources */,
				D87F20E0267A4BE500974482 /* ApiKey.swift in Sources */,
				D8ED3DC3267909F30040F723 /* TabBarViewController.swift in Sources */,
				D8ED3DD726791F200040F723 /* SearchTableViewCell.swift in Sources */,
				D8ED3DAF267908120040F723 /* SceneDelegate.swift in Sources */,
				D87F20E9267A55B900974482 /* RequestTypes.swift in Sources */,
				D8531C6B2680D89600C03732 /* Observable.swift in Sources */,
			);
			runOnlyForDeploymentPostprocessing = 0;
		};
/* End PBXSourcesBuildPhase section */

/* Begin PBXVariantGroup section */
		D8ED3DB7267908130040F723 /* LaunchScreen.storyboard */ = {
			isa = PBXVariantGroup;
			children = (
				D8ED3DB8267908130040F723 /* Base */,
			);
			name = LaunchScreen.storyboard;
			sourceTree = "<group>";
		};
/* End PBXVariantGroup section */

/* Begin XCBuildConfiguration section */
		D8ED3DBB267908130040F723 /* Debug */ = {
			isa = XCBuildConfiguration;
			buildSettings = {
				ALWAYS_SEARCH_USER_PATHS = NO;
				CLANG_ANALYZER_NONNULL = YES;
				CLANG_ANALYZER_NUMBER_OBJECT_CONVERSION = YES_AGGRESSIVE;
				CLANG_CXX_LANGUAGE_STANDARD = "gnu++14";
				CLANG_CXX_LIBRARY = "libc++";
				CLANG_ENABLE_MODULES = YES;
				CLANG_ENABLE_OBJC_ARC = YES;
				CLANG_ENABLE_OBJC_WEAK = YES;
				CLANG_WARN_BLOCK_CAPTURE_AUTORELEASING = YES;
				CLANG_WARN_BOOL_CONVERSION = YES;
				CLANG_WARN_COMMA = YES;
				CLANG_WARN_CONSTANT_CONVERSION = YES;
				CLANG_WARN_DEPRECATED_OBJC_IMPLEMENTATIONS = YES;
				CLANG_WARN_DIRECT_OBJC_ISA_USAGE = YES_ERROR;
				CLANG_WARN_DOCUMENTATION_COMMENTS = YES;
				CLANG_WARN_EMPTY_BODY = YES;
				CLANG_WARN_ENUM_CONVERSION = YES;
				CLANG_WARN_INFINITE_RECURSION = YES;
				CLANG_WARN_INT_CONVERSION = YES;
				CLANG_WARN_NON_LITERAL_NULL_CONVERSION = YES;
				CLANG_WARN_OBJC_IMPLICIT_RETAIN_SELF = YES;
				CLANG_WARN_OBJC_LITERAL_CONVERSION = YES;
				CLANG_WARN_OBJC_ROOT_CLASS = YES_ERROR;
				CLANG_WARN_QUOTED_INCLUDE_IN_FRAMEWORK_HEADER = YES;
				CLANG_WARN_RANGE_LOOP_ANALYSIS = YES;
				CLANG_WARN_STRICT_PROTOTYPES = YES;
				CLANG_WARN_SUSPICIOUS_MOVE = YES;
				CLANG_WARN_UNGUARDED_AVAILABILITY = YES_AGGRESSIVE;
				CLANG_WARN_UNREACHABLE_CODE = YES;
				CLANG_WARN__DUPLICATE_METHOD_MATCH = YES;
				COPY_PHASE_STRIP = NO;
				DEBUG_INFORMATION_FORMAT = dwarf;
				ENABLE_STRICT_OBJC_MSGSEND = YES;
				ENABLE_TESTABILITY = YES;
				GCC_C_LANGUAGE_STANDARD = gnu11;
				GCC_DYNAMIC_NO_PIC = NO;
				GCC_NO_COMMON_BLOCKS = YES;
				GCC_OPTIMIZATION_LEVEL = 0;
				GCC_PREPROCESSOR_DEFINITIONS = (
					"DEBUG=1",
					"$(inherited)",
				);
				GCC_WARN_64_TO_32_BIT_CONVERSION = YES;
				GCC_WARN_ABOUT_RETURN_TYPE = YES_ERROR;
				GCC_WARN_UNDECLARED_SELECTOR = YES;
				GCC_WARN_UNINITIALIZED_AUTOS = YES_AGGRESSIVE;
				GCC_WARN_UNUSED_FUNCTION = YES;
				GCC_WARN_UNUSED_VARIABLE = YES;
				IPHONEOS_DEPLOYMENT_TARGET = 14.5;
				MTL_ENABLE_DEBUG_INFO = INCLUDE_SOURCE;
				MTL_FAST_MATH = YES;
				ONLY_ACTIVE_ARCH = YES;
				SDKROOT = iphoneos;
				SWIFT_ACTIVE_COMPILATION_CONDITIONS = DEBUG;
				SWIFT_OPTIMIZATION_LEVEL = "-Onone";
			};
			name = Debug;
		};
		D8ED3DBC267908130040F723 /* Release */ = {
			isa = XCBuildConfiguration;
			buildSettings = {
				ALWAYS_SEARCH_USER_PATHS = NO;
				CLANG_ANALYZER_NONNULL = YES;
				CLANG_ANALYZER_NUMBER_OBJECT_CONVERSION = YES_AGGRESSIVE;
				CLANG_CXX_LANGUAGE_STANDARD = "gnu++14";
				CLANG_CXX_LIBRARY = "libc++";
				CLANG_ENABLE_MODULES = YES;
				CLANG_ENABLE_OBJC_ARC = YES;
				CLANG_ENABLE_OBJC_WEAK = YES;
				CLANG_WARN_BLOCK_CAPTURE_AUTORELEASING = YES;
				CLANG_WARN_BOOL_CONVERSION = YES;
				CLANG_WARN_COMMA = YES;
				CLANG_WARN_CONSTANT_CONVERSION = YES;
				CLANG_WARN_DEPRECATED_OBJC_IMPLEMENTATIONS = YES;
				CLANG_WARN_DIRECT_OBJC_ISA_USAGE = YES_ERROR;
				CLANG_WARN_DOCUMENTATION_COMMENTS = YES;
				CLANG_WARN_EMPTY_BODY = YES;
				CLANG_WARN_ENUM_CONVERSION = YES;
				CLANG_WARN_INFINITE_RECURSION = YES;
				CLANG_WARN_INT_CONVERSION = YES;
				CLANG_WARN_NON_LITERAL_NULL_CONVERSION = YES;
				CLANG_WARN_OBJC_IMPLICIT_RETAIN_SELF = YES;
				CLANG_WARN_OBJC_LITERAL_CONVERSION = YES;
				CLANG_WARN_OBJC_ROOT_CLASS = YES_ERROR;
				CLANG_WARN_QUOTED_INCLUDE_IN_FRAMEWORK_HEADER = YES;
				CLANG_WARN_RANGE_LOOP_ANALYSIS = YES;
				CLANG_WARN_STRICT_PROTOTYPES = YES;
				CLANG_WARN_SUSPICIOUS_MOVE = YES;
				CLANG_WARN_UNGUARDED_AVAILABILITY = YES_AGGRESSIVE;
				CLANG_WARN_UNREACHABLE_CODE = YES;
				CLANG_WARN__DUPLICATE_METHOD_MATCH = YES;
				COPY_PHASE_STRIP = NO;
				DEBUG_INFORMATION_FORMAT = "dwarf-with-dsym";
				ENABLE_NS_ASSERTIONS = NO;
				ENABLE_STRICT_OBJC_MSGSEND = YES;
				GCC_C_LANGUAGE_STANDARD = gnu11;
				GCC_NO_COMMON_BLOCKS = YES;
				GCC_WARN_64_TO_32_BIT_CONVERSION = YES;
				GCC_WARN_ABOUT_RETURN_TYPE = YES_ERROR;
				GCC_WARN_UNDECLARED_SELECTOR = YES;
				GCC_WARN_UNINITIALIZED_AUTOS = YES_AGGRESSIVE;
				GCC_WARN_UNUSED_FUNCTION = YES;
				GCC_WARN_UNUSED_VARIABLE = YES;
				IPHONEOS_DEPLOYMENT_TARGET = 14.5;
				MTL_ENABLE_DEBUG_INFO = NO;
				MTL_FAST_MATH = YES;
				SDKROOT = iphoneos;
				SWIFT_COMPILATION_MODE = wholemodule;
				SWIFT_OPTIMIZATION_LEVEL = "-O";
				VALIDATE_PRODUCT = YES;
			};
			name = Release;
		};
		D8ED3DBE267908130040F723 /* Debug */ = {
			isa = XCBuildConfiguration;
			buildSettings = {
				ASSETCATALOG_COMPILER_APPICON_NAME = AppIcon;
				ASSETCATALOG_COMPILER_GLOBAL_ACCENT_COLOR_NAME = AccentColor;
				CODE_SIGN_STYLE = Automatic;
				INFOPLIST_FILE = Movies/Info.plist;
				LD_RUNPATH_SEARCH_PATHS = (
					"$(inherited)",
					"@executable_path/Frameworks",
				);
				PRODUCT_BUNDLE_IDENTIFIER = "dudkin-dv.Movies";
				PRODUCT_NAME = "$(TARGET_NAME)";
				SWIFT_VERSION = 5.0;
				TARGETED_DEVICE_FAMILY = 1;
			};
			name = Debug;
		};
		D8ED3DBF267908130040F723 /* Release */ = {
			isa = XCBuildConfiguration;
			buildSettings = {
				ASSETCATALOG_COMPILER_APPICON_NAME = AppIcon;
				ASSETCATALOG_COMPILER_GLOBAL_ACCENT_COLOR_NAME = AccentColor;
				CODE_SIGN_STYLE = Automatic;
				INFOPLIST_FILE = Movies/Info.plist;
				LD_RUNPATH_SEARCH_PATHS = (
					"$(inherited)",
					"@executable_path/Frameworks",
				);
				PRODUCT_BUNDLE_IDENTIFIER = "dudkin-dv.Movies";
				PRODUCT_NAME = "$(TARGET_NAME)";
				SWIFT_VERSION = 5.0;
				TARGETED_DEVICE_FAMILY = 1;
			};
			name = Release;
		};
/* End XCBuildConfiguration section */

/* Begin XCConfigurationList section */
		D8ED3DA4267908120040F723 /* Build configuration list for PBXProject "Movies" */ = {
			isa = XCConfigurationList;
			buildConfigurations = (
				D8ED3DBB267908130040F723 /* Debug */,
				D8ED3DBC267908130040F723 /* Release */,
			);
			defaultConfigurationIsVisible = 0;
			defaultConfigurationName = Release;
		};
		D8ED3DBD267908130040F723 /* Build configuration list for PBXNativeTarget "Movies" */ = {
			isa = XCConfigurationList;
			buildConfigurations = (
				D8ED3DBE267908130040F723 /* Debug */,
				D8ED3DBF267908130040F723 /* Release */,
			);
			defaultConfigurationIsVisible = 0;
			defaultConfigurationName = Release;
		};
/* End XCConfigurationList section */

/* Begin XCRemoteSwiftPackageReference section */
		D87F20EA267A637400974482 /* XCRemoteSwiftPackageReference "Kingfisher" */ = {
			isa = XCRemoteSwiftPackageReference;
			repositoryURL = "https://github.com/onevcat/Kingfisher.git";
			requirement = {
				kind = upToNextMajorVersion;
				minimumVersion = 6.3.0;
			};
		};
		D8CC0DD8267CBA0C003E69D6 /* XCRemoteSwiftPackageReference "realm-cocoa" */ = {
			isa = XCRemoteSwiftPackageReference;
			repositoryURL = "https://github.com/realm/realm-cocoa.git";
			requirement = {
				kind = upToNextMajorVersion;
				minimumVersion = 10.8.0;
			};
		};
/* End XCRemoteSwiftPackageReference section */

/* Begin XCSwiftPackageProductDependency section */
		D87F20EB267A637400974482 /* Kingfisher */ = {
			isa = XCSwiftPackageProductDependency;
			package = D87F20EA267A637400974482 /* XCRemoteSwiftPackageReference "Kingfisher" */;
			productName = Kingfisher;
		};
		D8CC0DD9267CBA0C003E69D6 /* RealmSwift */ = {
			isa = XCSwiftPackageProductDependency;
			package = D8CC0DD8267CBA0C003E69D6 /* XCRemoteSwiftPackageReference "realm-cocoa" */;
			productName = RealmSwift;
		};
/* End XCSwiftPackageProductDependency section */
	};
	rootObject = D8ED3DA1267908120040F723 /* Project object */;
}
